
Microsoft Visual Studio Solution File, Format Version 12.00
# Visual Studio Version 18
VisualStudioVersion = 18.8.11918.235 insiders
MinimumVisualStudioVersion = 10.0.40219.1
Project("{FAE04EC0-301F-11D3-BF4B-00C04F79EFBC}") = "Dinacen", "Dinacen.csproj", "{63C5E7B0-BC90-4116-BF14-AB1DCF4D57B1}"
EndProject
Global
	GlobalSection(SolutionConfigurationPlatforms) = preSolution
		Debug|Any CPU = Debug|Any CPU
		Release|Any CPU = Release|Any CPU
	EndGlobalSection
	GlobalSection(ProjectConfigurationPlatforms) = postSolution
		{63C5E7B0-BC90-4116-BF14-AB1DCF4D57B1}.Debug|Any CPU.ActiveCfg = Debug|Any CPU
		{63C5E7B0-BC90-4116-BF14-AB1DCF4D57B1}.Debug|Any CPU.Build.0 = Debug|Any CPU
		{63C5E7B0-BC90-4116-BF14-AB1DCF4D57B1}.Release|Any CPU.ActiveCfg = Release|Any CPU
		{63C5E7B0-BC90-4116-BF14-AB1DCF4D57B1}.Release|Any CPU.Build.0 = Release|Any CPU
	EndGlobalSection
	GlobalSection(SolutionProperties) = preSolution
		HideSolutionNode = FALSE
	EndGlobalSection
	GlobalSection(ExtensibilityGlobals) = postSolution
		SolutionGuid = {3043B998-B454-4607-A03E-268FED165C2C}
	EndGlobalSection
EndGlobal
